
Microsoft Visual Studio Solution File, Format Version 12.00
# Visual Studio Version 17
VisualStudioVersion = 17.3.32825.248
MinimumVisualStudioVersion = 10.0.40219.1
Project("{9A19103F-16F7-4668-BE54-9A1E7A4F7556}") = "Lab13 Command", "Lab13 Command\Lab13 Command.csproj", "{66269F29-0903-47A6-982D-A4A76592D93B}"
EndProject
Project("{2150E333-8FDC-42A3-9474-1A3956D46DE8}") = "Элементы решения", "Элементы решения", "{2606AB92-8C95-4764-B081-61F244DA9EE3}"
	ProjectSection(SolutionItems) = preProject
		.gitignore = .gitignore
	EndProjectSection
EndProject
Global
	GlobalSection(SolutionConfigurationPlatforms) = preSolution
		Debug|Any CPU = Debug|Any CPU
		Release|Any CPU = Release|Any CPU
	EndGlobalSection
	GlobalSection(ProjectConfigurationPlatforms) = postSolution
		{66269F29-0903-47A6-982D-A4A76592D93B}.Debug|Any CPU.ActiveCfg = Debug|Any CPU
		{66269F29-0903-47A6-982D-A4A76592D93B}.Debug|Any CPU.Build.0 = Debug|Any CPU
		{66269F29-0903-47A6-982D-A4A76592D93B}.Release|Any CPU.ActiveCfg = Release|Any CPU
		{66269F29-0903-47A6-982D-A4A76592D93B}.Release|Any CPU.Build.0 = Release|Any CPU
	EndGlobalSection
	GlobalSection(SolutionProperties) = preSolution
		HideSolutionNode = FALSE
	EndGlobalSection
	GlobalSection(ExtensibilityGlobals) = postSolution
		SolutionGuid = {49368D3E-67A2-4C7F-99E9-E359E9608265}
	EndGlobalSection
EndGlobal
